<?xml version="1.0" encoding="utf-8"?>
<Project ToolsVersion="4.0" xmlns="http://schemas.microsoft.com/developer/msbuild/2003">
  <ItemGroup>
    <Filter Include="源文件">
      <UniqueIdentifier>{4FC737F1-C7A5-4376-A066-2A32D752A2FF}</UniqueIdentifier>
      <Extensions>cpp;c;cc;cxx;c++;cppm;ixx;def;odl;idl;hpj;bat;asm;asmx</Extensions>
    </Filter>
    <Filter Include="头文件">
      <UniqueIdentifier>{93995380-89BD-4b04-88EB-625FBE52EBFB}</UniqueIdentifier>
      <Extensions>h;hh;hpp;hxx;h++;hm;inl;inc;ipp;xsd</Extensions>
    </Filter>
    <Filter Include="资源文件">
      <UniqueIdentifier>{67DA6AB6-F800-4c08-8B7A-83BB121AAD01}</UniqueIdentifier>
      <Extensions>rc;ico;cur;bmp;dlg;rc2;rct;bin;rgs;gif;jpg;jpeg;jpe;resx;tiff;tif;png;wav;mfcribbon-ms</Extensions>
    </Filter>
  </ItemGroup>
  <ItemGroup>
    <ClCompile Include="..\..\DISK_C\SOURCE\admin.cpp">
      <Filter>源文件</Filter>
    </ClCompile>
    <ClCompile Include="..\..\DISK_C\SOURCE\call.cpp">
      <Filter>源文件</Filter>
    </ClCompile>
    <ClCompile Include="..\..\DISK_C\SOURCE\global.cpp">
      <Filter>源文件</Filter>
    </ClCompile>
    <ClCompile Include="..\..\DISK_C\SOURCE\main.cpp">
      <Filter>源文件</Filter>
    </ClCompile>
    <ClCompile Include="..\..\DISK_C\SOURCE\map.cpp">
      <Filter>源文件</Filter>
    </ClCompile>
    <ClCompile Include="..\..\DISK_C\SOURCE\menuctrl.cpp">
      <Filter>源文件</Filter>
    </ClCompile>
    <ClCompile Include="..\..\DISK_C\SOURCE\patient.cpp">
      <Filter>源文件</Filter>
    </ClCompile>
    <ClCompile Include="..\..\DISK_C\SOURCE\prescription.cpp">
      <Filter>源文件</Filter>
    </ClCompile>
    <ClCompile Include="..\..\DISK_C\SOURCE\put.cpp">
      <Filter>源文件</Filter>
    </ClCompile>
    <ClCompile Include="..\..\DISK_C\SOURCE\storage.cpp">
      <Filter>源文件</Filter>
    </ClCompile>
    <ClCompile Include="..\..\DISK_C\SOURCE\user.cpp">
      <Filter>源文件</Filter>
    </ClCompile>
    <ClCompile Include="..\..\DISK_C\SOURCE\all.cpp">
      <Filter>源文件</Filter>
    </ClCompile>
    <ClCompile Include="..\..\DISK_C\SOURCE\cang.cpp">
      <Filter>源文件</Filter>
    </ClCompile>
    <ClCompile Include="..\..\DISK_C\SOURCE\getmed.cpp">
      <Filter>源文件</Filter>
    </ClCompile>
    <ClCompile Include="..\..\DISK_C\SOURCE\hz.cpp">
      <Filter>源文件</Filter>
    </ClCompile>
    <ClCompile Include="..\..\DISK_C\SOURCE\login.cpp">
      <Filter>源文件</Filter>
    </ClCompile>
    <ClCompile Include="..\..\DISK_C\SOURCE\menu.cpp">
      <Filter>源文件</Filter>
    </ClCompile>
    <ClCompile Include="..\..\DISK_C\SOURCE\MOUSE.cpp">
      <Filter>源文件</Filter>
    </ClCompile>
    <ClCompile Include="..\..\DISK_C\SOURCE\quhao.cpp">
      <Filter>源文件</Filter>
    </ClCompile>
    <ClCompile Include="..\..\DISK_C\SOURCE\shuru.cpp">
      <Filter>源文件</Filter>
    </ClCompile>
    <ClCompile Include="..\..\DISK_C\SOURCE\tan.cpp">
      <Filter>源文件</Filter>
    </ClCompile>
    <ClCompile Include="..\..\DISK_C\SOURCE\welcome.cpp">
      <Filter>源文件</Filter>
    </ClCompile>
    <ClCompile Include="..\..\DISK_C\SOURCE\xinxi.cpp">
      <Filter>源文件</Filter>
    </ClCompile>
    <ClCompile Include="..\..\DISK_C\SOURCE\zhuce.cpp">
      <Filter>源文件</Filter>
    </ClCompile>
  </ItemGroup>
  <ItemGroup>
    <ClInclude Include="..\..\DISK_C\INCLUDE\admin.h">
      <Filter>头文件</Filter>
    </ClInclude>
    <ClInclude Include="..\..\DISK_C\INCLUDE\call.h">
      <Filter>头文件</Filter>
    </ClInclude>
    <ClInclude Include="..\..\DISK_C\INCLUDE\define.h">
      <Filter>头文件</Filter>
    </ClInclude>
    <ClInclude Include="..\..\DISK_C\INCLUDE\map.h">
      <Filter>头文件</Filter>
    </ClInclude>
    <ClInclude Include="..\..\DISK_C\INCLUDE\menuctrl.h">
      <Filter>头文件</Filter>
    </ClInclude>
    <ClInclude Include="..\..\DISK_C\INCLUDE\patient.h">
      <Filter>头文件</Filter>
    </ClInclude>
    <ClInclude Include="..\..\DISK_C\INCLUDE\pre.h">
      <Filter>头文件</Filter>
    </ClInclude>
    <ClInclude Include="..\..\DISK_C\INCLUDE\put.h">
      <Filter>头文件</Filter>
    </ClInclude>
    <ClInclude Include="..\..\DISK_C\INCLUDE\storage.h">
      <Filter>头文件</Filter>
    </ClInclude>
    <ClInclude Include="..\..\DISK_C\INCLUDE\user.h">
      <Filter>头文件</Filter>
    </ClInclude>
    <ClInclude Include="..\..\DISK_C\INCLUDE\all.h">
      <Filter>头文件</Filter>
    </ClInclude>
    <ClInclude Include="..\..\DISK_C\INCLUDE\cang.h">
      <Filter>头文件</Filter>
    </ClInclude>
    <ClInclude Include="..\..\DISK_C\INCLUDE\getmed.h">
      <Filter>头文件</Filter>
    </ClInclude>
    <ClInclude Include="..\..\DISK_C\INCLUDE\hz.h">
      <Filter>头文件</Filter>
    </ClInclude>
    <ClInclude Include="..\..\DISK_C\INCLUDE\IMAGE.h">
      <Filter>头文件</Filter>
    </ClInclude>
    <ClInclude Include="..\..\DISK_C\INCLUDE\login.h">
      <Filter>头文件</Filter>
    </ClInclude>
    <ClInclude Include="..\..\DISK_C\INCLUDE\menu.h">
      <Filter>头文件</Filter>
    </ClInclude>
    <ClInclude Include="..\..\DISK_C\INCLUDE\mouse.h">
      <Filter>头文件</Filter>
    </ClInclude>
    <ClInclude Include="..\..\DISK_C\INCLUDE\quhao.h">
      <Filter>头文件</Filter>
    </ClInclude>
    <ClInclude Include="..\..\DISK_C\INCLUDE\shuru.h">
      <Filter>头文件</Filter>
    </ClInclude>
    <ClInclude Include="..\..\DISK_C\INCLUDE\tan.h">
      <Filter>头文件</Filter>
    </ClInclude>
    <ClInclude Include="..\..\DISK_C\INCLUDE\welcome.h">
      <Filter>头文件</Filter>
    </ClInclude>
    <ClInclude Include="..\..\DISK_C\INCLUDE\xinxi.h">
      <Filter>头文件</Filter>
    </ClInclude>
    <ClInclude Include="..\..\DISK_C\INCLUDE\zhuce.h">
      <Filter>头文件</Filter>
    </ClInclude>
  </ItemGroup>
</Project>